
Microsoft Visual Studio Solution File, Format Version 12.00
# Visual Studio Version 17
VisualStudioVersion = 17.6.33723.286
MinimumVisualStudioVersion = 10.0.40219.1
Project("{FAE04EC0-301F-11D3-BF4B-00C04F79EFBC}") = "AppleStoreTupinikim", "AppleStoreTupinikim\AppleStoreTupinikim.csproj", "{3FB25849-26C8-411B-AA19-9C77B7C1B084}"
EndProject
Global
	GlobalSection(SolutionConfigurationPlatforms) = preSolution
		Debug|Any CPU = Debug|Any CPU
		Release|Any CPU = Release|Any CPU
	EndGlobalSection
	GlobalSection(ProjectConfigurationPlatforms) = postSolution
		{3FB25849-26C8-411B-AA19-9C77B7C1B084}.Debug|Any CPU.ActiveCfg = Debug|Any CPU
		{3FB25849-26C8-411B-AA19-9C77B7C1B084}.Debug|Any CPU.Build.0 = Debug|Any CPU
		{3FB25849-26C8-411B-AA19-9C77B7C1B084}.Release|Any CPU.ActiveCfg = Release|Any CPU
		{3FB25849-26C8-411B-AA19-9C77B7C1B084}.Release|Any CPU.Build.0 = Release|Any CPU
	EndGlobalSection
	GlobalSection(SolutionProperties) = preSolution
		HideSolutionNode = FALSE
	EndGlobalSection
	GlobalSection(ExtensibilityGlobals) = postSolution
		SolutionGuid = {79422318-9C91-4C78-8422-87DFFE2F3D66}
	EndGlobalSection
EndGlobal
